
Microsoft Visual Studio Solution File, Format Version 12.00
# Visual Studio 14
VisualStudioVersion = 14.0.23107.0
MinimumVisualStudioVersion = 10.0.40219.1
Project("{FAE04EC0-301F-11D3-BF4B-00C04F79EFBC}") = "1351300360陈前标", "1351300360陈前标\1351300360陈前标.csproj", "{A80DAF2B-08C7-4860-814D-3FCACFF83CCA}"
EndProject
Project("{FAE04EC0-301F-11D3-BF4B-00C04F79EFBC}") = "1351300360陈前标.Tests", "1351300360陈前标.Tests\1351300360陈前标.Tests.csproj", "{5114654B-5D71-4C24-B296-76A36D28965E}"
EndProject
Global
	GlobalSection(SolutionConfigurationPlatforms) = preSolution
		Debug|Any CPU = Debug|Any CPU
		Release|Any CPU = Release|Any CPU
	EndGlobalSection
	GlobalSection(ProjectConfigurationPlatforms) = postSolution
		{A80DAF2B-08C7-4860-814D-3FCACFF83CCA}.Debug|Any CPU.ActiveCfg = Debug|Any CPU
		{A80DAF2B-08C7-4860-814D-3FCACFF83CCA}.Debug|Any CPU.Build.0 = Debug|Any CPU
		{A80DAF2B-08C7-4860-814D-3FCACFF83CCA}.Release|Any CPU.ActiveCfg = Release|Any CPU
		{A80DAF2B-08C7-4860-814D-3FCACFF83CCA}.Release|Any CPU.Build.0 = Release|Any CPU
		{5114654B-5D71-4C24-B296-76A36D28965E}.Debug|Any CPU.ActiveCfg = Debug|Any CPU
		{5114654B-5D71-4C24-B296-76A36D28965E}.Debug|Any CPU.Build.0 = Debug|Any CPU
		{5114654B-5D71-4C24-B296-76A36D28965E}.Release|Any CPU.ActiveCfg = Release|Any CPU
		{5114654B-5D71-4C24-B296-76A36D28965E}.Release|Any CPU.Build.0 = Release|Any CPU
	EndGlobalSection
	GlobalSection(SolutionProperties) = preSolution
		HideSolutionNode = FALSE
	EndGlobalSection
EndGlobal
